{
    "_meta": {
        "hash": {
            "sha256": "43a072202bd5381e5aba66260e8f709bbaa9c22273a705e0d51ae94af1eb94d9"
        },
        "pipfile-spec": 6,
        "requires": {
            "python_version": "3.9"
        },
        "sources": [
            {
                "name": "pypi",
                "url": "https://pypi.org/simple",
                "verify_ssl": true
            }
        ]
    },
    "default": {
        "asgiref": {
            "hashes": [
                "sha256:1d2880b792ae8757289136f1db2b7b99100ce959b2aa57fd69dab783d05afac4",
                "sha256:4a29362a6acebe09bf1d6640db38c1dc3d9217c68e6f9f6204d72667fc19a424"
            ],
            "markers": "python_version >= '3.7'",
            "version": "==3.5.2"
        },
        "dj-database-url": {
            "hashes": [
                "sha256:4aeaeb1f573c74835b0686a2b46b85990571159ffc21aa57ecd4d1e1cb334163",
                "sha256:851785365761ebe4994a921b433062309eb882fedd318e1b0fcecc607ed02da9"
            ],
            "index": "pypi",
            "version": "==0.5"
        },
        "django": {
            "hashes": [
                "sha256:0604e84c4fb698a5e53e5857b5aea945b2f19a18f25f10b8748dbdf935788927",
                "sha256:21f0f9643722675976004eb683c55d33c05486f94506672df3d6a141546f389d"
            ],
            "index": "pypi",
            "version": "==3.2"
        },
        "django-filter": {
            "hashes": [
                "sha256:632a251fa8f1aadb4b8cceff932bb52fe2f826dd7dfe7f3eac40e5c463d6836e",
                "sha256:f4a6737a30104c98d2e2a5fb93043f36dd7978e0c7ddc92f5998e85433ea5063"
            ],
            "index": "pypi",
            "version": "==21.1"
        },
        "django-heroku": {
            "hashes": [
                "sha256:d19b33cefd8f8f722a5ae02a206a12d5a47bbc9aacbd72e787c1e7bd2de4c214",
                "sha256:f43f42dfee7af7d14d044c084bd46634e7d1db6d77718626ae6985ee2bfafedc"
            ],
            "index": "pypi",
            "version": "==0.3"
        },
        "djangorestframework": {
            "hashes": [
                "sha256:7fb1c91a8f9aa5ccb39d1568925a6433659dacfc1af7ac757b293d6451ddb9e1",
                "sha256:9d5b07a2dd29b4fb18da2e6a888051f34b286b3bfc1c3fe885a17e16e389c569"
            ],
            "index": "pypi",
            "version": "==3.12"
        },
        "gunicorn": {
            "hashes": [
                "sha256:9dcc4547dbb1cb284accfb15ab5667a0e5d1881cc443e0677b4882a4067a807e",
                "sha256:e0a968b5ba15f8a328fdfd7ab1fcb5af4470c28aaf7e55df02a99bc13138e6e8"
            ],
            "index": "pypi",
            "version": "==20.1"
        },
        "pillow": {
            "hashes": [
                "sha256:03150abd92771742d4a8cd6f2fa6246d847dcd2e332a18d0c15cc75bf6703040",
                "sha256:073adb2ae23431d3b9bcbcff3fe698b62ed47211d0716b067385538a1b0f28b8",
                "sha256:0b07fffc13f474264c336298d1b4ce01d9c5a011415b79d4ee5527bb69ae6f65",
                "sha256:0b7257127d646ff8676ec8a15520013a698d1fdc48bc2a79ba4e53df792526f2",
                "sha256:12ce4932caf2ddf3e41d17fc9c02d67126935a44b86df6a206cf0d7161548627",
                "sha256:15c42fb9dea42465dfd902fb0ecf584b8848ceb28b41ee2b58f866411be33f07",
                "sha256:18498994b29e1cf86d505edcb7edbe814d133d2232d256db8c7a8ceb34d18cef",
                "sha256:1c7c8ae3864846fc95f4611c78129301e203aaa2af813b703c55d10cc1628535",
                "sha256:22b012ea2d065fd163ca096f4e37e47cd8b59cf4b0fd47bfca6abb93df70b34c",
                "sha256:276a5ca930c913f714e372b2591a22c4bd3b81a418c0f6635ba832daec1cbcfc",
                "sha256:2e0918e03aa0c72ea56edbb00d4d664294815aa11291a11504a377ea018330d3",
                "sha256:3033fbe1feb1b59394615a1cafaee85e49d01b51d54de0cbf6aa8e64182518a1",
                "sha256:3168434d303babf495d4ba58fc22d6604f6e2afb97adc6a423e917dab828939c",
                "sha256:32a44128c4bdca7f31de5be641187367fe2a450ad83b833ef78910397db491aa",
                "sha256:3dd6caf940756101205dffc5367babf288a30043d35f80936f9bfb37f8355b32",
                "sha256:40e1ce476a7804b0fb74bcfa80b0a2206ea6a882938eaba917f7a0f004b42502",
                "sha256:41e0051336807468be450d52b8edd12ac60bebaa97fe10c8b660f116e50b30e4",
                "sha256:4390e9ce199fc1951fcfa65795f239a8a4944117b5935a9317fb320e7767b40f",
                "sha256:502526a2cbfa431d9fc2a079bdd9061a2397b842bb6bc4239bb176da00993812",
                "sha256:51e0e543a33ed92db9f5ef69a0356e0b1a7a6b6a71b80df99f1d181ae5875636",
                "sha256:57751894f6618fd4308ed8e0c36c333e2f5469744c34729a27532b3db106ee20",
                "sha256:5d77adcd56a42d00cc1be30843d3426aa4e660cab4a61021dc84467123f7a00c",
                "sha256:655a83b0058ba47c7c52e4e2df5ecf484c1b0b0349805896dd350cbc416bdd91",
                "sha256:68943d632f1f9e3dce98908e873b3a090f6cba1cbb1b892a9e8d97c938871fbe",
                "sha256:6c738585d7a9961d8c2821a1eb3dcb978d14e238be3d70f0a706f7fa9316946b",
                "sha256:73bd195e43f3fadecfc50c682f5055ec32ee2c933243cafbfdec69ab1aa87cad",
                "sha256:772a91fc0e03eaf922c63badeca75e91baa80fe2f5f87bdaed4280662aad25c9",
                "sha256:77ec3e7be99629898c9a6d24a09de089fa5356ee408cdffffe62d67bb75fdd72",
                "sha256:7db8b751ad307d7cf238f02101e8e36a128a6cb199326e867d1398067381bff4",
                "sha256:801ec82e4188e935c7f5e22e006d01611d6b41661bba9fe45b60e7ac1a8f84de",
                "sha256:82409ffe29d70fd733ff3c1025a602abb3e67405d41b9403b00b01debc4c9a29",
                "sha256:828989c45c245518065a110434246c44a56a8b2b2f6347d1409c787e6e4651ee",
                "sha256:829f97c8e258593b9daa80638aee3789b7df9da5cf1336035016d76f03b8860c",
                "sha256:871b72c3643e516db4ecf20efe735deb27fe30ca17800e661d769faab45a18d7",
                "sha256:89dca0ce00a2b49024df6325925555d406b14aa3efc2f752dbb5940c52c56b11",
                "sha256:90fb88843d3902fe7c9586d439d1e8c05258f41da473952aa8b328d8b907498c",
                "sha256:97aabc5c50312afa5e0a2b07c17d4ac5e865b250986f8afe2b02d772567a380c",
                "sha256:9aaa107275d8527e9d6e7670b64aabaaa36e5b6bd71a1015ddd21da0d4e06448",
                "sha256:9f47eabcd2ded7698106b05c2c338672d16a6f2a485e74481f524e2a23c2794b",
                "sha256:a0a06a052c5f37b4ed81c613a455a81f9a3a69429b4fd7bb913c3fa98abefc20",
                "sha256:ab388aaa3f6ce52ac1cb8e122c4bd46657c15905904b3120a6248b5b8b0bc228",
                "sha256:ad58d27a5b0262c0c19b47d54c5802db9b34d38bbf886665b626aff83c74bacd",
                "sha256:ae5331c23ce118c53b172fa64a4c037eb83c9165aba3a7ba9ddd3ec9fa64a699",
                "sha256:af0372acb5d3598f36ec0914deed2a63f6bcdb7b606da04dc19a88d31bf0c05b",
                "sha256:afa4107d1b306cdf8953edde0534562607fe8811b6c4d9a486298ad31de733b2",
                "sha256:b03ae6f1a1878233ac620c98f3459f79fd77c7e3c2b20d460284e1fb370557d4",
                "sha256:b0915e734b33a474d76c28e07292f196cdf2a590a0d25bcc06e64e545f2d146c",
                "sha256:b4012d06c846dc2b80651b120e2cdd787b013deb39c09f407727ba90015c684f",
                "sha256:b472b5ea442148d1c3e2209f20f1e0bb0eb556538690fa70b5e1f79fa0ba8dc2",
                "sha256:b59430236b8e58840a0dfb4099a0e8717ffb779c952426a69ae435ca1f57210c",
                "sha256:b90f7616ea170e92820775ed47e136208e04c967271c9ef615b6fbd08d9af0e3",
                "sha256:b9a65733d103311331875c1dca05cb4606997fd33d6acfed695b1232ba1df193",
                "sha256:bac18ab8d2d1e6b4ce25e3424f709aceef668347db8637c2296bcf41acb7cf48",
                "sha256:bca31dd6014cb8b0b2db1e46081b0ca7d936f856da3b39744aef499db5d84d02",
                "sha256:be55f8457cd1eac957af0c3f5ece7bc3f033f89b114ef30f710882717670b2a8",
                "sha256:c7025dce65566eb6e89f56c9509d4f628fddcedb131d9465cacd3d8bac337e7e",
                "sha256:c935a22a557a560108d780f9a0fc426dd7459940dc54faa49d83249c8d3e760f",
                "sha256:dbb8e7f2abee51cef77673be97760abff1674ed32847ce04b4af90f610144c7b",
                "sha256:e6ea6b856a74d560d9326c0f5895ef8050126acfdc7ca08ad703eb0081e82b74",
                "sha256:ebf2029c1f464c59b8bdbe5143c79fa2045a581ac53679733d3a91d400ff9efb",
                "sha256:f1ff2ee69f10f13a9596480335f406dd1f70c3650349e2be67ca3139280cade0"
            ],
            "index": "pypi",
            "version": "==9.3.0"
        },
        "psycopg2": {
            "hashes": [
                "sha256:093e3894d2d3c592ab0945d9eba9d139c139664dcf83a1c440b8a7aa9bb21955",
                "sha256:190d51e8c1b25a47484e52a79638a8182451d6f6dff99f26ad9bd81e5359a0fa",
                "sha256:1a5c7d7d577e0eabfcf15eb87d1e19314c8c4f0e722a301f98e0e3a65e238b4e",
                "sha256:1e5a38aa85bd660c53947bd28aeaafb6a97d70423606f1ccb044a03a1203fe4a",
                "sha256:322fd5fca0b1113677089d4ebd5222c964b1760e361f151cbb2706c4912112c5",
                "sha256:4cb9936316d88bfab614666eb9e32995e794ed0f8f6b3b718666c22819c1d7ee",
                "sha256:920bf418000dd17669d2904472efeab2b20546efd0548139618f8fa305d1d7ad",
                "sha256:922cc5f0b98a5f2b1ff481f5551b95cd04580fd6f0c72d9b22e6c0145a4840e0",
                "sha256:a5246d2e683a972e2187a8714b5c2cf8156c064629f9a9b1a873c1730d9e245a",
                "sha256:b9ac1b0d8ecc49e05e4e182694f418d27f3aedcfca854ebd6c05bb1cffa10d6d",
                "sha256:d3ef67e630b0de0779c42912fe2cbae3805ebaba30cda27fea2a3de650a9414f",
                "sha256:f5b6320dbc3cf6cfb9f25308286f9f7ab464e65cfb105b64cc9c52831748ced2",
                "sha256:fc04dd5189b90d825509caa510f20d1d504761e78b8dfb95a0ede180f71d50e5"
            ],
            "markers": "python_version >= '3.6'",
            "version": "==2.9.5"
        },
        "psycopg2-binary": {
            "hashes": [
                "sha256:12111d1f85f4359e0855add57045666d9d46ed7f0ebaf6f3beaab31a53e2e200",
                "sha256:1beea91a8c2fcd35e6f47cef49c165ad55d72ce1642e90da1be3d05fb781766a",
                "sha256:1f1d4588baac29cce8b8488c33be87d729f359cab6902e95c6089c1815e4d5fe",
                "sha256:1fc2fea01c8a11ae5e71b3bc3a612ce020e9859252daa9ac1abb28a6c5901ad5",
                "sha256:307eda4f8df74e563584d0d7193ffed79d5c76018fc8bd0a0fc30609d171a796",
                "sha256:33684f12149493ff79c7086770a0ae4a01e5d57121d35bdd5099281f5123bb8e",
                "sha256:34aa54efce55652722e3f446ff2276542e880b55a088da629d39ad1430b99ada",
                "sha256:49bccbf3e7e428c81bfbd0f25491758a339ef4be3f2ae5c14a63b1a356aee172",
                "sha256:4df2d889e597686c1060fd6aae0d0fd66c0de68d023dad79d615ba43949abbd3",
                "sha256:53a8ba53a174f6a7951c6c046703c73030558f66fa36158077d8708ecb47ed03",
                "sha256:5515c626df6ce6e9058883ace33fece4e32d3409eb70367cc62952f6d6a50dee",
                "sha256:563c502f5602652c856a717c58e0d54bc229d912ec893367069b0a36ae57803f",
                "sha256:5b67a8b07f344b4f2787e39394a78e578b131a7395dcf66c76dfb6cb08cc7721",
                "sha256:650a702774db89afcb50421da812427baec9cdd9045cb315768c3086ea726a4d",
                "sha256:7b23fc784f752b9681f3f183aa855d20f7e08ccdebbd6d38815852b2d1c9a40d",
                "sha256:7bd70a1af75a12aac2535124e7411c2e645dd5f6756eac54f350e9f1d9cf1364",
                "sha256:7d2512cc7d5e40d360e0c6bf064b2292cab7cd71e2f1e02dd19fda618fe2e387",
                "sha256:845e3e7f671560859bfbbc102f79e98d55a8dc5bc88f6026726e80f03a548288",
                "sha256:8909afa6d5e7fb08e145b321342346f37e299e065e3be662e6477e97bbbaf86b",
                "sha256:970491defd389815ec33dba22f7046fbe6e395f5df215b11c31af6e04af0fc17",
                "sha256:987b996e4e6ac0f976269c55e63a7920c3695f34602cc8893daafa56abbb67e0",
                "sha256:a282a030a5043fc672d140aff673065dee1364a926dace88f37afc53a1c4b1a4",
                "sha256:b1fe086276fffd608c2ffcdc03096164fdce3a8b9cd40197b9552766a5ee9147",
                "sha256:b9b8c62051546f2bf526d8825aa64e65752598759de96b4515494a85baff3997",
                "sha256:beda57fd0a82df1666b884a5d746b410ad5441d29905e27bc57ed941bab1e99f",
                "sha256:d1f123aba81c418451b1084a5d23c15c6aae0977ba97d6e880137384d33f2b07",
                "sha256:d466d6bceadf508a84e2fdea835de5ece7add51d3e67845f5775df2c76280407",
                "sha256:d63a56db4baa87f08f51fac8693d06b3d716d83e065eae2ca7d39dd4e17e4296",
                "sha256:ed97b701b913ac8446a0bfe703ab7c7b9857f712e085224eca00a0d69d89b934"
            ],
            "index": "pypi",
            "version": "==2.9"
        },
        "python-decouple": {
            "hashes": [
                "sha256:011d3f785367c54a72cf8a07d3a7a48bb8cc1a0f8e6c70353ca5767ebf7c8c9d",
                "sha256:68e4b3fcc97e24bc90eecc514852d0bf970f4ff031f5f7a6728ddafa9afefcaf"
            ],
            "index": "pypi",
            "version": "==3.5"
        },
        "pytz": {
            "hashes": [
                "sha256:222439474e9c98fced559f1709d89e6c9cbf8d79c794ff3eb9f8800064291427",
                "sha256:e89512406b793ca39f5971bc999cc538ce125c0e51c27941bef4568b460095e2"
            ],
            "version": "==2022.6"
        },
        "setuptools": {
            "hashes": [
                "sha256:6211d2f5eddad8757bd0484923ca7c0a6302ebc4ab32ea5e94357176e0ca0840",
                "sha256:d1eebf881c6114e51df1664bc2c9133d022f78d12d5f4f665b9191f084e2862d"
            ],
            "markers": "python_version >= '3.7'",
            "version": "==65.6.0"
        },
        "sqlparse": {
            "hashes": [
                "sha256:0323c0ec29cd52bceabc1b4d9d579e311f3e4961b98d174201d5622a23b85e34",
                "sha256:69ca804846bb114d2ec380e4360a8a340db83f0ccf3afceeb1404df028f57268"
            ],
            "markers": "python_version >= '3.5'",
            "version": "==0.4.3"
        },
        "whitenoise": {
            "hashes": [
                "sha256:8e9c600a5c18bd17655ef668ad55b5edf6c24ce9bdca5bf607649ca4b1e8e2c2",
                "sha256:8fa943c6d4cd9e27673b70c21a07b0aa120873901e099cd46cab40f7cc96d567"
            ],
            "markers": "python_version >= '3.7'",
            "version": "==6.2.0"
        }
    },
    "develop": {
        "black": {
            "hashes": [
                "sha256:06f9d8846f2340dfac80ceb20200ea5d1b3f181dd0556b47af4e8e0b24fa0a6b",
                "sha256:10dbe6e6d2988049b4655b2b739f98785a884d4d6b85bc35133a8fb9a2233176",
                "sha256:2497f9c2386572e28921fa8bec7be3e51de6801f7459dffd6e62492531c47e09",
                "sha256:30d78ba6bf080eeaf0b7b875d924b15cd46fec5fd044ddfbad38c8ea9171043a",
                "sha256:328efc0cc70ccb23429d6be184a15ce613f676bdfc85e5fe8ea2a9354b4e9015",
                "sha256:35020b8886c022ced9282b51b5a875b6d1ab0c387b31a065b84db7c33085ca79",
                "sha256:5795a0375eb87bfe902e80e0c8cfaedf8af4d49694d69161e5bd3206c18618bb",
                "sha256:5891ef8abc06576985de8fa88e95ab70641de6c1fca97e2a15820a9b69e51b20",
                "sha256:637a4014c63fbf42a692d22b55d8ad6968a946b4a6ebc385c5505d9625b6a464",
                "sha256:67c8301ec94e3bcc8906740fe071391bce40a862b7be0b86fb5382beefecd968",
                "sha256:6d2fc92002d44746d3e7db7cf9313cf4452f43e9ea77a2c939defce3b10b5c82",
                "sha256:6ee227b696ca60dd1c507be80a6bc849a5a6ab57ac7352aad1ffec9e8b805f21",
                "sha256:863714200ada56cbc366dc9ae5291ceb936573155f8bf8e9de92aef51f3ad0f0",
                "sha256:9b542ced1ec0ceeff5b37d69838106a6348e60db7b8fdd245294dc1d26136265",
                "sha256:a6342964b43a99dbc72f72812bf88cad8f0217ae9acb47c0d4f141a6416d2d7b",
                "sha256:ad4efa5fad66b903b4a5f96d91461d90b9507a812b3c5de657d544215bb7877a",
                "sha256:bc58025940a896d7e5356952228b68f793cf5fcb342be703c3a2669a1488cb72",
                "sha256:cc1e1de68c8e5444e8f94c3670bb48a2beef0e91dddfd4fcc29595ebd90bb9ce",
                "sha256:cee3e11161dde1b2a33a904b850b0899e0424cc331b7295f2a9698e79f9a69a0",
                "sha256:e3556168e2e5c49629f7b0f377070240bd5511e45e25a4497bb0073d9dda776a",
                "sha256:e8477ec6bbfe0312c128e74644ac8a02ca06bcdb8982d4ee06f209be28cdf163",
                "sha256:ee8f1f7228cce7dffc2b464f07ce769f478968bfb3dd1254a4c2eeed84928aad",
                "sha256:fd57160949179ec517d32ac2ac898b5f20d68ed1a9c977346efbac9c2f1e779d"
            ],
            "index": "pypi",
            "version": "==22.3.0"
        },
        "click": {
            "hashes": [
                "sha256:7682dc8afb30297001674575ea00d1814d808d6a36af415a82bd481d37ba7b8e",
                "sha256:bb4d8133cb15a609f44e8213d9b391b0809795062913b383c62be0ee95b1db48"
            ],
            "markers": "python_version >= '3.7'",
            "version": "==8.1.3"
        },
        "mypy-extensions": {
            "hashes": [
                "sha256:090fedd75945a69ae91ce1303b5824f428daf5a028d2f6ab8a299250a846f15d",
                "sha256:2d82818f5bb3e369420cb3c4060a7970edba416647068eb4c5343488a6c604a8"
            ],
            "version": "==0.4.3"
        },
        "pathspec": {
            "hashes": [
                "sha256:88c2606f2c1e818b978540f73ecc908e13999c6c3a383daf3705652ae79807a5",
                "sha256:8f6bf73e5758fd365ef5d58ce09ac7c27d2833a8d7da51712eac6e27e35141b0"
            ],
            "markers": "python_version >= '3.7'",
            "version": "==0.10.2"
        },
        "platformdirs": {
            "hashes": [
                "sha256:1006647646d80f16130f052404c6b901e80ee4ed6bef6792e1f238a8969106f7",
                "sha256:af0276409f9a02373d540bf8480021a048711d572745aef4b7842dad245eba10"
            ],
            "markers": "python_version >= '3.7'",
            "version": "==2.5.4"
        },
        "tomli": {
            "hashes": [
                "sha256:939de3e7a6161af0c887ef91b7d41a53e7c5a1ca976325f429cb46ea9bc30ecc",
                "sha256:de526c12914f0c550d15924c62d72abc48d6fe7364aa87328337a31007fe8a4f"
            ],
            "markers": "python_version < '3.11'",
            "version": "==2.0.1"
        },
        "typing-extensions": {
            "hashes": [
                "sha256:1511434bb92bf8dd198c12b1cc812e800d4181cfcb867674e0f8279cc93087aa",
                "sha256:16fa4864408f655d35ec496218b85f79b3437c829e93320c7c9215ccfd92489e"
            ],
            "markers": "python_version < '3.10'",
            "version": "==4.4.0"
        }
    }
}
